// !$*UTF8*$!
{
	archiveVersion = 1;
	classes = {
	};
	objectVersion = 77;
	objects = {

/* Begin PBXBuildFile section */
		CA382B5F2EC1E07A00AD9E96 /* VLCKit.framework in Frameworks */ = {isa = PBXBuildFile; fileRef = CA382B5D2EC1E07200AD9E96 /* VLCKit.framework */; };
		CA382B602EC1E07A00AD9E96 /* VLCKit.framework in Embed Frameworks */ = {isa = PBXBuildFile; fileRef = CA382B5D2EC1E07200AD9E96 /* VLCKit.framework */; settings = {ATTRIBUTES = (RemoveHeadersOnCopy, ); }; };
/* End PBXBuildFile section */

/* Begin PBXContainerItemProxy section */
		CA382B342EC1DEB100AD9E96 /* PBXContainerItemProxy */ = {
			isa = PBXContainerItemProxy;
			containerPortal = CA382B1E2EC1DEB000AD9E96 /* Project object */;
			proxyType = 1;
			remoteGlobalIDString = CA382B252EC1DEB000AD9E96;
			remoteInfo = VLCPlayer;
		};
		CA382B3E2EC1DEB100AD9E96 /* PBXContainerItemProxy */ = {
			isa = PBXContainerItemProxy;
			containerPortal = CA382B1E2EC1DEB000AD9E96 /* Project object */;
			proxyType = 1;
			remoteGlobalIDString = CA382B252EC1DEB000AD9E96;
			remoteInfo = VLCPlayer;
		};
/* End PBXContainerItemProxy section */

/* Begin PBXCopyFilesBuildPhase section */
		CA382B612EC1E07A00AD9E96 /* Embed Frameworks */ = {
			isa = PBXCopyFilesBuildPhase;
			buildActionMask = 2147483647;
			dstPath = "";
			dstSubfolderSpec = 10;
			files = (
				CA382B602EC1E07A00AD9E96 /* VLCKit.framework in Embed Frameworks */,
			);
			name = "Embed Frameworks";
			runOnlyForDeploymentPostprocessing = 0;
		};
/* End PBXCopyFilesBuildPhase section */

/* Begin PBXFileReference section */
		CA382B262EC1DEB000AD9E96 /* VLCPlayer.app */ = {isa = PBXFileReference; explicitFileType = wrapper.application; includeInIndex = 0; path = VLCPlayer.app; sourceTree = BUILT_PRODUCTS_DIR; };
		CA382B332EC1DEB100AD9E96 /* VLCPlayerTests.xctest */ = {isa = PBXFileReference; explicitFileType = wrapper.cfbundle; includeInIndex = 0; path = VLCPlayerTests.xctest; sourceTree = BUILT_PRODUCTS_DIR; };
		CA382B3D2EC1DEB100AD9E96 /* VLCPlayerUITests.xctest */ = {isa = PBXFileReference; explicitFileType = wrapper.cfbundle; includeInIndex = 0; path = VLCPlayerUITests.xctest; sourceTree = BUILT_PRODUCTS_DIR; };
		CA382B5D2EC1E07200AD9E96 /* VLCKit.framework */ = {isa = PBXFileReference; lastKnownFileType = wrapper.framework; name = VLCKit.framework; path = Libs/VLCKit/VLCKit.framework; sourceTree = "<group>"; };
/* End PBXFileReference section */

/* Begin PBXFileSystemSynchronizedBuildFileExceptionSet section */
		CA9993272EC3293C00FE6171 /* Exceptions for "VLCPlayer" folder in "VLCPlayer" target */ = {
			isa = PBXFileSystemSynchronizedBuildFileExceptionSet;
			membershipExceptions = (
				Info.plist,
			);
			target = CA382B252EC1DEB000AD9E96 /* VLCPlayer */;
		};
/* End PBXFileSystemSynchronizedBuildFileExceptionSet section */

/* Begin PBXFileSystemSynchronizedRootGroup section */
		CA382B282EC1DEB000AD9E96 /* VLCPlayer */ = {
			isa = PBXFileSystemSynchronizedRootGroup;
			exceptions = (
				CA9993272EC3293C00FE6171 /* Exceptions for "VLCPlayer" folder in "VLCPlayer" target */,
			);
			path = VLCPlayer;
			sourceTree = "<group>";
		};
		CA382B362EC1DEB100AD9E96 /* VLCPlayerTests */ = {
			isa = PBXFileSystemSynchronizedRootGroup;
			path = VLCPlayerTests;
			sourceTree = "<group>";
		};
		CA382B402EC1DEB100AD9E96 /* VLCPlayerUITests */ = {
			isa = PBXFileSystemSynchronizedRootGroup;
			path = VLCPlayerUITests;
			sourceTree = "<group>";
		};
/* End PBXFileSystemSynchronizedRootGroup section */

/* Begin PBXFrameworksBuildPhase section */
		CA382B232EC1DEB000AD9E96 /* Frameworks */ = {
			isa = PBXFrameworksBuildPhase;
			buildActionMask = 2147483647;
			files = (
				CA382B5F2EC1E07A00AD9E96 /* VLCKit.framework in Frameworks */,
			);
			runOnlyForDeploymentPostprocessing = 0;
		};
		CA382B302EC1DEB100AD9E96 /* Frameworks */ = {
			isa = PBXFrameworksBuildPhase;
			buildActionMask = 2147483647;
			files = (
			);
			runOnlyForDeploymentPostprocessing = 0;
		};
		CA382B3A2EC1DEB100AD9E96 /* Frameworks */ = {
			isa = PBXFrameworksBuildPhase;
			buildActionMask = 2147483647;
			files = (
			);
			runOnlyForDeploymentPostprocessing = 0;
		};
/* End PBXFrameworksBuildPhase section */

/* Begin PBXGroup section */
		CA382B1D2EC1DEB000AD9E96 = {
			isa = PBXGroup;
			children = (
				CA382B282EC1DEB000AD9E96 /* VLCPlayer */,
				CA382B362EC1DEB100AD9E96 /* VLCPlayerTests */,
				CA382B402EC1DEB100AD9E96 /* VLCPlayerUITests */,
				CA382B5C2EC1E07200AD9E96 /* Frameworks */,
				CA382B272EC1DEB000AD9E96 /* Products */,
			);
			sourceTree = "<group>";
		};
		CA382B272EC1DEB000AD9E96 /* Products */ = {
			isa = PBXGroup;
			children = (
				CA382B262EC1DEB000AD9E96 /* VLCPlayer.app */,
				CA382B332EC1DEB100AD9E96 /* VLCPlayerTests.xctest */,
				CA382B3D2EC1DEB100AD9E96 /* VLCPlayerUITests.xctest */,
			);
			name = Products;
			sourceTree = "<group>";
		};
		CA382B5C2EC1E07200AD9E96 /* Frameworks */ = {
			isa = PBXGroup;
			children = (
				CA382B5D2EC1E07200AD9E96 /* VLCKit.framework */,
			);
			name = Frameworks;
			sourceTree = "<group>";
		};
/* End PBXGroup section */

/* Begin PBXNativeTarget section */
		CA382B252EC1DEB000AD9E96 /* VLCPlayer */ = {
			isa = PBXNativeTarget;
			buildConfigurationList = CA382B472EC1DEB100AD9E96 /* Build configuration list for PBXNativeTarget "VLCPlayer" */;
			buildPhases = (
				CA382B222EC1DEB000AD9E96 /* Sources */,
				CA382B232EC1DEB000AD9E96 /* Frameworks */,
				CA382B242EC1DEB000AD9E96 /* Resources */,
				CA382B612EC1E07A00AD9E96 /* Embed Frameworks */,
			);
			buildRules = (
			);
			dependencies = (
			);
			fileSystemSynchronizedGroups = (
				CA382B282EC1DEB000AD9E96 /* VLCPlayer */,
			);
			name = VLCPlayer;
			packageProductDependencies = (
			);
			productName = VLCPlayer;
			productReference = CA382B262EC1DEB000AD9E96 /* VLCPlayer.app */;
			productType = "com.apple.product-type.application";
		};
		CA382B322EC1DEB100AD9E96 /* VLCPlayerTests */ = {
			isa = PBXNativeTarget;
			buildConfigurationList = CA382B4A2EC1DEB100AD9E96 /* Build configuration list for PBXNativeTarget "VLCPlayerTests" */;
			buildPhases = (
				CA382B2F2EC1DEB100AD9E96 /* Sources */,
				CA382B302EC1DEB100AD9E96 /* Frameworks */,
				CA382B312EC1DEB100AD9E96 /* Resources */,
			);
			buildRules = (
			);
			dependencies = (
				CA382B352EC1DEB100AD9E96 /* PBXTargetDependency */,
			);
			fileSystemSynchronizedGroups = (
				CA382B362EC1DEB100AD9E96 /* VLCPlayerTests */,
			);
			name = VLCPlayerTests;
			packageProductDependencies = (
			);
			productName = VLCPlayerTests;
			productReference = CA382B332EC1DEB100AD9E96 /* VLCPlayerTests.xctest */;
			productType = "com.apple.product-type.bundle.unit-test";
		};
		CA382B3C2EC1DEB100AD9E96 /* VLCPlayerUITests */ = {
			isa = PBXNativeTarget;
			buildConfigurationList = CA382B4D2EC1DEB100AD9E96 /* Build configuration list for PBXNativeTarget "VLCPlayerUITests" */;
			buildPhases = (
				CA382B392EC1DEB100AD9E96 /* Sources */,
				CA382B3A2EC1DEB100AD9E96 /* Frameworks */,
				CA382B3B2EC1DEB100AD9E96 /* Resources */,
			);
			buildRules = (
			);
			dependencies = (
				CA382B3F2EC1DEB100AD9E96 /* PBXTargetDependency */,
			);
			fileSystemSynchronizedGroups = (
				CA382B402EC1DEB100AD9E96 /* VLCPlayerUITests */,
			);
			name = VLCPlayerUITests;
			packageProductDependencies = (
			);
			productName = VLCPlayerUITests;
			productReference = CA382B3D2EC1DEB100AD9E96 /* VLCPlayerUITests.xctest */;
			productType = "com.apple.product-type.bundle.ui-testing";
		};
/* End PBXNativeTarget section */

/* Begin PBXProject section */
		CA382B1E2EC1DEB000AD9E96 /* Project object */ = {
			isa = PBXProject;
			attributes = {
				BuildIndependentTargetsInParallel = 1;
				LastSwiftUpdateCheck = 2610;
				LastUpgradeCheck = 2610;
				TargetAttributes = {
					CA382B252EC1DEB000AD9E96 = {
						CreatedOnToolsVersion = 26.1;
					};
					CA382B322EC1DEB100AD9E96 = {
						CreatedOnToolsVersion = 26.1;
						TestTargetID = CA382B252EC1DEB000AD9E96;
					};
					CA382B3C2EC1DEB100AD9E96 = {
						CreatedOnToolsVersion = 26.1;
						TestTargetID = CA382B252EC1DEB000AD9E96;
					};
				};
			};
			buildConfigurationList = CA382B212EC1DEB000AD9E96 /* Build configuration list for PBXProject "VLCPlayer" */;
			developmentRegion = en;
			hasScannedForEncodings = 0;
			knownRegions = (
				en,
				Base,
			);
			mainGroup = CA382B1D2EC1DEB000AD9E96;
			minimizedProjectReferenceProxies = 1;
			preferredProjectObjectVersion = 77;
			productRefGroup = CA382B272EC1DEB000AD9E96 /* Products */;
			projectDirPath = "";
			projectRoot = "";
			targets = (
				CA382B252EC1DEB000AD9E96 /* VLCPlayer */,
				CA382B322EC1DEB100AD9E96 /* VLCPlayerTests */,
				CA382B3C2EC1DEB100AD9E96 /* VLCPlayerUITests */,
			);
		};
/* End PBXProject section */

/* Begin PBXResourcesBuildPhase section */
		CA382B242EC1DEB000AD9E96 /* Resources */ = {
			isa = PBXResourcesBuildPhase;
			buildActionMask = 2147483647;
			files = (
			);
			runOnlyForDeploymentPostprocessing = 0;
		};
		CA382B312EC1DEB100AD9E96 /* Resources */ = {
			isa = PBXResourcesBuildPhase;
			buildActionMask = 2147483647;
			files = (
			);
			runOnlyForDeploymentPostprocessing = 0;
		};
		CA382B3B2EC1DEB100AD9E96 /* Resources */ = {
			isa = PBXResourcesBuildPhase;
			buildActionMask = 2147483647;
			files = (
			);
			runOnlyForDeploymentPostprocessing = 0;
		};
/* End PBXResourcesBuildPhase section */

/* Begin PBXSourcesBuildPhase section */
		CA382B222EC1DEB000AD9E96 /* Sources */ = {
			isa = PBXSourcesBuildPhase;
			buildActionMask = 2147483647;
			files = (
			);
			runOnlyForDeploymentPostprocessing = 0;
		};
		CA382B2F2EC1DEB100AD9E96 /* Sources */ = {
			isa = PBXSourcesBuildPhase;
			buildActionMask = 2147483647;
			files = (
			);
			runOnlyForDeploymentPostprocessing = 0;
		};
		CA382B392EC1DEB100AD9E96 /* Sources */ = {
			isa = PBXSourcesBuildPhase;
			buildActionMask = 2147483647;
			files = (
			);
			runOnlyForDeploymentPostprocessing = 0;
		};
/* End PBXSourcesBuildPhase section */

/* Begin PBXTargetDependency section */
		CA382B352EC1DEB100AD9E96 /* PBXTargetDependency */ = {
			isa = PBXTargetDependency;
			target = CA382B252EC1DEB000AD9E96 /* VLCPlayer */;
			targetProxy = CA382B342EC1DEB100AD9E96 /* PBXContainerItemProxy */;
		};
		CA382B3F2EC1DEB100AD9E96 /* PBXTargetDependency */ = {
			isa = PBXTargetDependency;
			target = CA382B252EC1DEB000AD9E96 /* VLCPlayer */;
			targetProxy = CA382B3E2EC1DEB100AD9E96 /* PBXContainerItemProxy */;
		};
/* End PBXTargetDependency section */

/* Begin XCBuildConfiguration section */
		CA382B452EC1DEB100AD9E96 /* Debug */ = {
			isa = XCBuildConfiguration;
			buildSettings = {
				ALWAYS_SEARCH_USER_PATHS = NO;
				ASSETCATALOG_COMPILER_GENERATE_SWIFT_ASSET_SYMBOL_EXTENSIONS = YES;
				CLANG_ANALYZER_NONNULL = YES;
				CLANG_ANALYZER_NUMBER_OBJECT_CONVERSION = YES_AGGRESSIVE;
				CLANG_CXX_LANGUAGE_STANDARD = "gnu++20";
				CLANG_ENABLE_MODULES = YES;
				CLANG_ENABLE_OBJC_ARC = YES;
				CLANG_ENABLE_OBJC_WEAK = YES;
				CLANG_WARN_BLOCK_CAPTURE_AUTORELEASING = YES;
				CLANG_WARN_BOOL_CONVERSION = YES;
				CLANG_WARN_COMMA = YES;
				CLANG_WARN_CONSTANT_CONVERSION = YES;
				CLANG_WARN_DEPRECATED_OBJC_IMPLEMENTATIONS = YES;
				CLANG_WARN_DIRECT_OBJC_ISA_USAGE = YES_ERROR;
				CLANG_WARN_DOCUMENTATION_COMMENTS = YES;
				CLANG_WARN_EMPTY_BODY = YES;
				CLANG_WARN_ENUM_CONVERSION = YES;
				CLANG_WARN_INFINITE_RECURSION = YES;
				CLANG_WARN_INT_CONVERSION = YES;
				CLANG_WARN_NON_LITERAL_NULL_CONVERSION = YES;
				CLANG_WARN_OBJC_IMPLICIT_RETAIN_SELF = YES;
				CLANG_WARN_OBJC_LITERAL_CONVERSION = YES;
				CLANG_WARN_OBJC_ROOT_CLASS = YES_ERROR;
				CLANG_WARN_QUOTED_INCLUDE_IN_FRAMEWORK_HEADER = YES;
				CLANG_WARN_RANGE_LOOP_ANALYSIS = YES;
				CLANG_WARN_STRICT_PROTOTYPES = YES;
				CLANG_WARN_SUSPICIOUS_MOVE = YES;
				CLANG_WARN_UNGUARDED_AVAILABILITY = YES_AGGRESSIVE;
				CLANG_WARN_UNREACHABLE_CODE = YES;
				CLANG_WARN__DUPLICATE_METHOD_MATCH = YES;
				COPY_PHASE_STRIP = NO;
				DEBUG_INFORMATION_FORMAT = dwarf;
				ENABLE_STRICT_OBJC_MSGSEND = YES;
				ENABLE_TESTABILITY = YES;
				ENABLE_USER_SCRIPT_SANDBOXING = YES;
				GCC_C_LANGUAGE_STANDARD = gnu17;
				GCC_DYNAMIC_NO_PIC = NO;
				GCC_NO_COMMON_BLOCKS = YES;
				GCC_OPTIMIZATION_LEVEL = 0;
				GCC_PREPROCESSOR_DEFINITIONS = (
					"DEBUG=1",
					"$(inherited)",
				);
				GCC_WARN_64_TO_32_BIT_CONVERSION = YES;
				GCC_WARN_ABOUT_RETURN_TYPE = YES_ERROR;
				GCC_WARN_UNDECLARED_SELECTOR = YES;
				GCC_WARN_UNINITIALIZED_AUTOS = YES_AGGRESSIVE;
				GCC_WARN_UNUSED_FUNCTION = YES;
				GCC_WARN_UNUSED_VARIABLE = YES;
				LOCALIZATION_PREFERS_STRING_CATALOGS = YES;
				MACOSX_DEPLOYMENT_TARGET = 26.1;
				MTL_ENABLE_DEBUG_INFO = INCLUDE_SOURCE;
				MTL_FAST_MATH = YES;
				ONLY_ACTIVE_ARCH = YES;
				SDKROOT = macosx;
				SWIFT_ACTIVE_COMPILATION_CONDITIONS = "DEBUG $(inherited)";
				SWIFT_OPTIMIZATION_LEVEL = "-Onone";
			};
			name = Debug;
		};
		CA382B462EC1DEB100AD9E96 /* Release */ = {
			isa = XCBuildConfiguration;
			buildSettings = {
				ALWAYS_SEARCH_USER_PATHS = NO;
				ASSETCATALOG_COMPILER_GENERATE_SWIFT_ASSET_SYMBOL_EXTENSIONS = YES;
				CLANG_ANALYZER_NONNULL = YES;
				CLANG_ANALYZER_NUMBER_OBJECT_CONVERSION = YES_AGGRESSIVE;
				CLANG_CXX_LANGUAGE_STANDARD = "gnu++20";
				CLANG_ENABLE_MODULES = YES;
				CLANG_ENABLE_OBJC_ARC = YES;
				CLANG_ENABLE_OBJC_WEAK = YES;
				CLANG_WARN_BLOCK_CAPTURE_AUTORELEASING = YES;
				CLANG_WARN_BOOL_CONVERSION = YES;
				CLANG_WARN_COMMA = YES;
				CLANG_WARN_CONSTANT_CONVERSION = YES;
				CLANG_WARN_DEPRECATED_OBJC_IMPLEMENTATIONS = YES;
				CLANG_WARN_DIRECT_OBJC_ISA_USAGE = YES_ERROR;
				CLANG_WARN_DOCUMENTATION_COMMENTS = YES;
				CLANG_WARN_EMPTY_BODY = YES;
				CLANG_WARN_ENUM_CONVERSION = YES;
				CLANG_WARN_INFINITE_RECURSION = YES;
				CLANG_WARN_INT_CONVERSION = YES;
				CLANG_WARN_NON_LITERAL_NULL_CONVERSION = YES;
				CLANG_WARN_OBJC_IMPLICIT_RETAIN_SELF = YES;
				CLANG_WARN_OBJC_LITERAL_CONVERSION = YES;
				CLANG_WARN_OBJC_ROOT_CLASS = YES_ERROR;
				CLANG_WARN_QUOTED_INCLUDE_IN_FRAMEWORK_HEADER = YES;
				CLANG_WARN_RANGE_LOOP_ANALYSIS = YES;
				CLANG_WARN_STRICT_PROTOTYPES = YES;
				CLANG_WARN_SUSPICIOUS_MOVE = YES;
				CLANG_WARN_UNGUARDED_AVAILABILITY = YES_AGGRESSIVE;
				CLANG_WARN_UNREACHABLE_CODE = YES;
				CLANG_WARN__DUPLICATE_METHOD_MATCH = YES;
				COPY_PHASE_STRIP = NO;
				DEBUG_INFORMATION_FORMAT = "dwarf-with-dsym";
				ENABLE_NS_ASSERTIONS = NO;
				ENABLE_STRICT_OBJC_MSGSEND = YES;
				ENABLE_USER_SCRIPT_SANDBOXING = YES;
				GCC_C_LANGUAGE_STANDARD = gnu17;
				GCC_NO_COMMON_BLOCKS = YES;
				GCC_WARN_64_TO_32_BIT_CONVERSION = YES;
				GCC_WARN_ABOUT_RETURN_TYPE = YES_ERROR;
				GCC_WARN_UNDECLARED_SELECTOR = YES;
				GCC_WARN_UNINITIALIZED_AUTOS = YES_AGGRESSIVE;
				GCC_WARN_UNUSED_FUNCTION = YES;
				GCC_WARN_UNUSED_VARIABLE = YES;
				LOCALIZATION_PREFERS_STRING_CATALOGS = YES;
				MACOSX_DEPLOYMENT_TARGET = 26.1;
				MTL_ENABLE_DEBUG_INFO = NO;
				MTL_FAST_MATH = YES;
				SDKROOT = macosx;
				SWIFT_COMPILATION_MODE = wholemodule;
			};
			name = Release;
		};
		CA382B482EC1DEB100AD9E96 /* Debug */ = {
			isa = XCBuildConfiguration;
			buildSettings = {
				ASSETCATALOG_COMPILER_APPICON_NAME = AppIcon;
				ASSETCATALOG_COMPILER_GLOBAL_ACCENT_COLOR_NAME = AccentColor;
				CODE_SIGN_STYLE = Automatic;
				COMBINE_HIDPI_IMAGES = YES;
				CURRENT_PROJECT_VERSION = 1;
				ENABLE_APP_SANDBOX = YES;
				ENABLE_PREVIEWS = YES;
				ENABLE_USER_SELECTED_FILES = readonly;
				FRAMEWORK_SEARCH_PATHS = (
					"$(inherited)",
					"$(PROJECT_DIR)/Libs/VLCKit",
				);
				GENERATE_INFOPLIST_FILE = YES;
				INFOPLIST_FILE = VLCPlayer/Info.plist;
				INFOPLIST_KEY_NSHumanReadableCopyright = "";
				LD_RUNPATH_SEARCH_PATHS = (
					"$(inherited)",
					"@executable_path/../Frameworks",
				);
				MARKETING_VERSION = 1.0;
				PRODUCT_BUNDLE_IDENTIFIER = jp.uhimania.VLCPlayer;
				PRODUCT_NAME = "$(TARGET_NAME)";
				REGISTER_APP_GROUPS = YES;
				STRING_CATALOG_GENERATE_SYMBOLS = YES;
				SWIFT_APPROACHABLE_CONCURRENCY = YES;
				SWIFT_DEFAULT_ACTOR_ISOLATION = MainActor;
				SWIFT_EMIT_LOC_STRINGS = YES;
				SWIFT_UPCOMING_FEATURE_MEMBER_IMPORT_VISIBILITY = YES;
				SWIFT_VERSION = 5.0;
			};
			name = Debug;
		};
		CA382B492EC1DEB100AD9E96 /* Release */ = {
			isa = XCBuildConfiguration;
			buildSettings = {
				ASSETCATALOG_COMPILER_APPICON_NAME = AppIcon;
				ASSETCATALOG_COMPILER_GLOBAL_ACCENT_COLOR_NAME = AccentColor;
				CODE_SIGN_STYLE = Automatic;
				COMBINE_HIDPI_IMAGES = YES;
				CURRENT_PROJECT_VERSION = 1;
				ENABLE_APP_SANDBOX = YES;
				ENABLE_PREVIEWS = YES;
				ENABLE_USER_SELECTED_FILES = readonly;
				FRAMEWORK_SEARCH_PATHS = (
					"$(inherited)",
					"$(PROJECT_DIR)/Libs/VLCKit",
				);
				GENERATE_INFOPLIST_FILE = YES;
				INFOPLIST_FILE = VLCPlayer/Info.plist;
				INFOPLIST_KEY_NSHumanReadableCopyright = "";
				LD_RUNPATH_SEARCH_PATHS = (
					"$(inherited)",
					"@executable_path/../Frameworks",
				);
				MARKETING_VERSION = 1.0;
				PRODUCT_BUNDLE_IDENTIFIER = jp.uhimania.VLCPlayer;
				PRODUCT_NAME = "$(TARGET_NAME)";
				REGISTER_APP_GROUPS = YES;
				STRING_CATALOG_GENERATE_SYMBOLS = YES;
				SWIFT_APPROACHABLE_CONCURRENCY = YES;
				SWIFT_DEFAULT_ACTOR_ISOLATION = MainActor;
				SWIFT_EMIT_LOC_STRINGS = YES;
				SWIFT_UPCOMING_FEATURE_MEMBER_IMPORT_VISIBILITY = YES;
				SWIFT_VERSION = 5.0;
			};
			name = Release;
		};
		CA382B4B2EC1DEB100AD9E96 /* Debug */ = {
			isa = XCBuildConfiguration;
			buildSettings = {
				BUNDLE_LOADER = "$(TEST_HOST)";
				CODE_SIGN_STYLE = Automatic;
				CURRENT_PROJECT_VERSION = 1;
				GENERATE_INFOPLIST_FILE = YES;
				MACOSX_DEPLOYMENT_TARGET = 26.1;
				MARKETING_VERSION = 1.0;
				PRODUCT_BUNDLE_IDENTIFIER = jp.uhimania.VLCPlayerTests;
				PRODUCT_NAME = "$(TARGET_NAME)";
				STRING_CATALOG_GENERATE_SYMBOLS = NO;
				SWIFT_APPROACHABLE_CONCURRENCY = YES;
				SWIFT_EMIT_LOC_STRINGS = NO;
				SWIFT_UPCOMING_FEATURE_MEMBER_IMPORT_VISIBILITY = YES;
				SWIFT_VERSION = 5.0;
				TEST_HOST = "$(BUILT_PRODUCTS_DIR)/VLCPlayer.app/$(BUNDLE_EXECUTABLE_FOLDER_PATH)/VLCPlayer";
			};
			name = Debug;
		};
		CA382B4C2EC1DEB100AD9E96 /* Release */ = {
			isa = XCBuildConfiguration;
			buildSettings = {
				BUNDLE_LOADER = "$(TEST_HOST)";
				CODE_SIGN_STYLE = Automatic;
				CURRENT_PROJECT_VERSION = 1;
				GENERATE_INFOPLIST_FILE = YES;
				MACOSX_DEPLOYMENT_TARGET = 26.1;
				MARKETING_VERSION = 1.0;
				PRODUCT_BUNDLE_IDENTIFIER = jp.uhimania.VLCPlayerTests;
				PRODUCT_NAME = "$(TARGET_NAME)";
				STRING_CATALOG_GENERATE_SYMBOLS = NO;
				SWIFT_APPROACHABLE_CONCURRENCY = YES;
				SWIFT_EMIT_LOC_STRINGS = NO;
				SWIFT_UPCOMING_FEATURE_MEMBER_IMPORT_VISIBILITY = YES;
				SWIFT_VERSION = 5.0;
				TEST_HOST = "$(BUILT_PRODUCTS_DIR)/VLCPlayer.app/$(BUNDLE_EXECUTABLE_FOLDER_PATH)/VLCPlayer";
			};
			name = Release;
		};
		CA382B4E2EC1DEB100AD9E96 /* Debug */ = {
			isa = XCBuildConfiguration;
			buildSettings = {
				CODE_SIGN_STYLE = Automatic;
				CURRENT_PROJECT_VERSION = 1;
				GENERATE_INFOPLIST_FILE = YES;
				MARKETING_VERSION = 1.0;
				PRODUCT_BUNDLE_IDENTIFIER = jp.uhimania.VLCPlayerUITests;
				PRODUCT_NAME = "$(TARGET_NAME)";
				STRING_CATALOG_GENERATE_SYMBOLS = NO;
				SWIFT_APPROACHABLE_CONCURRENCY = YES;
				SWIFT_EMIT_LOC_STRINGS = NO;
				SWIFT_UPCOMING_FEATURE_MEMBER_IMPORT_VISIBILITY = YES;
				SWIFT_VERSION = 5.0;
				TEST_TARGET_NAME = VLCPlayer;
			};
			name = Debug;
		};
		CA382B4F2EC1DEB100AD9E96 /* Release */ = {
			isa = XCBuildConfiguration;
			buildSettings = {
				CODE_SIGN_STYLE = Automatic;
				CURRENT_PROJECT_VERSION = 1;
				GENERATE_INFOPLIST_FILE = YES;
				MARKETING_VERSION = 1.0;
				PRODUCT_BUNDLE_IDENTIFIER = jp.uhimania.VLCPlayerUITests;
				PRODUCT_NAME = "$(TARGET_NAME)";
				STRING_CATALOG_GENERATE_SYMBOLS = NO;
				SWIFT_APPROACHABLE_CONCURRENCY = YES;
				SWIFT_EMIT_LOC_STRINGS = NO;
				SWIFT_UPCOMING_FEATURE_MEMBER_IMPORT_VISIBILITY = YES;
				SWIFT_VERSION = 5.0;
				TEST_TARGET_NAME = VLCPlayer;
			};
			name = Release;
		};
/* End XCBuildConfiguration section */

/* Begin XCConfigurationList section */
		CA382B212EC1DEB000AD9E96 /* Build configuration list for PBXProject "VLCPlayer" */ = {
			isa = XCConfigurationList;
			buildConfigurations = (
				CA382B452EC1DEB100AD9E96 /* Debug */,
				CA382B462EC1DEB100AD9E96 /* Release */,
			);
			defaultConfigurationIsVisible = 0;
			defaultConfigurationName = Release;
		};
		CA382B472EC1DEB100AD9E96 /* Build configuration list for PBXNativeTarget "VLCPlayer" */ = {
			isa = XCConfigurationList;
			buildConfigurations = (
				CA382B482EC1DEB100AD9E96 /* Debug */,
				CA382B492EC1DEB100AD9E96 /* Release */,
			);
			defaultConfigurationIsVisible = 0;
			defaultConfigurationName = Release;
		};
		CA382B4A2EC1DEB100AD9E96 /* Build configuration list for PBXNativeTarget "VLCPlayerTests" */ = {
			isa = XCConfigurationList;
			buildConfigurations = (
				CA382B4B2EC1DEB100AD9E96 /* Debug */,
				CA382B4C2EC1DEB100AD9E96 /* Release */,
			);
			defaultConfigurationIsVisible = 0;
			defaultConfigurationName = Release;
		};
		CA382B4D2EC1DEB100AD9E96 /* Build configuration list for PBXNativeTarget "VLCPlayerUITests" */ = {
			isa = XCConfigurationList;
			buildConfigurations = (
				CA382B4E2EC1DEB100AD9E96 /* Debug */,
				CA382B4F2EC1DEB100AD9E96 /* Release */,
			);
			defaultConfigurationIsVisible = 0;
			defaultConfigurationName = Release;
		};
/* End XCConfigurationList section */
	};
	rootObject = CA382B1E2EC1DEB000AD9E96 /* Project object */;
}
